// !$*UTF8*$!
{
	archiveVersion = 1;
	classes = {
	};
	objectVersion = 46;
	objects = {

/* Begin PBXBuildFile section */
		6B0D8F20192F0F2300620BBE /* Foundation.framework in Frameworks */ = {isa = PBXBuildFile; fileRef = 6B0D8F1F192F0F2300620BBE /* Foundation.framework */; };
		6B0D8F22192F0F2300620BBE /* CoreGraphics.framework in Frameworks */ = {isa = PBXBuildFile; fileRef = 6B0D8F21192F0F2300620BBE /* CoreGraphics.framework */; };
		6B0D8F24192F0F2300620BBE /* UIKit.framework in Frameworks */ = {isa = PBXBuildFile; fileRef = 6B0D8F23192F0F2300620BBE /* UIKit.framework */; };
		6B0D8F2A192F0F2300620BBE /* InfoPlist.strings in Resources */ = {isa = PBXBuildFile; fileRef = 6B0D8F28192F0F2300620BBE /* InfoPlist.strings */; };
		6B0D8F2C192F0F2300620BBE /* main.m in Sources */ = {isa = PBXBuildFile; fileRef = 6B0D8F2B192F0F2300620BBE /* main.m */; };
		6B0D8F30192F0F2300620BBE /* AppDelegate.m in Sources */ = {isa = PBXBuildFile; fileRef = 6B0D8F2F192F0F2300620BBE /* AppDelegate.m */; };
		6B0D8F33192F0F2300620BBE /* Main.storyboard in Resources */ = {isa = PBXBuildFile; fileRef = 6B0D8F31192F0F2300620BBE /* Main.storyboard */; };
		6B0D8F39192F0F2300620BBE /* DetailViewController.m in Sources */ = {isa = PBXBuildFile; fileRef = 6B0D8F38192F0F2300620BBE /* DetailViewController.m */; };
		6B0D8F3B192F0F2300620BBE /* Images.xcassets in Resources */ = {isa = PBXBuildFile; fileRef = 6B0D8F3A192F0F2300620BBE /* Images.xcassets */; };
		6B0D8F42192F0F2300620BBE /* XCTest.framework in Frameworks */ = {isa = PBXBuildFile; fileRef = 6B0D8F41192F0F2300620BBE /* XCTest.framework */; };
		6B0D8F43192F0F2300620BBE /* Foundation.framework in Frameworks */ = {isa = PBXBuildFile; fileRef = 6B0D8F1F192F0F2300620BBE /* Foundation.framework */; };
		6B0D8F44192F0F2300620BBE /* UIKit.framework in Frameworks */ = {isa = PBXBuildFile; fileRef = 6B0D8F23192F0F2300620BBE /* UIKit.framework */; };
		6B0D8F4C192F0F2300620BBE /* InfoPlist.strings in Resources */ = {isa = PBXBuildFile; fileRef = 6B0D8F4A192F0F2300620BBE /* InfoPlist.strings */; };
		6B0D8F4E192F0F2300620BBE /* DynamicPrototypeCellsTests.m in Sources */ = {isa = PBXBuildFile; fileRef = 6B0D8F4D192F0F2300620BBE /* DynamicPrototypeCellsTests.m */; };
		6B0D8F59192F100C00620BBE /* ExampleTableViewController.m in Sources */ = {isa = PBXBuildFile; fileRef = 6B0D8F58192F100C00620BBE /* ExampleTableViewController.m */; };
/* End PBXBuildFile section */

/* Begin PBXContainerItemProxy section */
		6B0D8F45192F0F2300620BBE /* PBXContainerItemProxy */ = {
			isa = PBXContainerItemProxy;
			containerPortal = 6B0D8F14192F0F2300620BBE /* Project object */;
			proxyType = 1;
			remoteGlobalIDString = 6B0D8F1B192F0F2300620BBE;
			remoteInfo = DynamicPrototypeCells;
		};
/* End PBXContainerItemProxy section */

/* Begin PBXFileReference section */
		6B0D8F1C192F0F2300620BBE /* DynamicPrototypeCells.app */ = {isa = PBXFileReference; explicitFileType = wrapper.application; includeInIndex = 0; path = DynamicPrototypeCells.app; sourceTree = BUILT_PRODUCTS_DIR; };
		6B0D8F1F192F0F2300620BBE /* Foundation.framework */ = {isa = PBXFileReference; lastKnownFileType = wrapper.framework; name = Foundation.framework; path = System/Library/Frameworks/Foundation.framework; sourceTree = SDKROOT; };
		6B0D8F21192F0F2300620BBE /* CoreGraphics.framework */ = {isa = PBXFileReference; lastKnownFileType = wrapper.framework; name = CoreGraphics.framework; path = System/Library/Frameworks/CoreGraphics.framework; sourceTree = SDKROOT; };
		6B0D8F23192F0F2300620BBE /* UIKit.framework */ = {isa = PBXFileReference; lastKnownFileType = wrapper.framework; name = UIKit.framework; path = System/Library/Frameworks/UIKit.framework; sourceTree = SDKROOT; };
		6B0D8F27192F0F2300620BBE /* DynamicPrototypeCells-Info.plist */ = {isa = PBXFileReference; lastKnownFileType = text.plist.xml; path = "DynamicPrototypeCells-Info.plist"; sourceTree = "<group>"; };
		6B0D8F29192F0F2300620BBE /* en */ = {isa = PBXFileReference; lastKnownFileType = text.plist.strings; name = en; path = en.lproj/InfoPlist.strings; sourceTree = "<group>"; };
		6B0D8F2B192F0F2300620BBE /* main.m */ = {isa = PBXFileReference; lastKnownFileType = sourcecode.c.objc; path = main.m; sourceTree = "<group>"; };
		6B0D8F2D192F0F2300620BBE /* DynamicPrototypeCells-Prefix.pch */ = {isa = PBXFileReference; lastKnownFileType = sourcecode.c.h; path = "DynamicPrototypeCells-Prefix.pch"; sourceTree = "<group>"; };
		6B0D8F2E192F0F2300620BBE /* AppDelegate.h */ = {isa = PBXFileReference; lastKnownFileType = sourcecode.c.h; path = AppDelegate.h; sourceTree = "<group>"; };
		6B0D8F2F192F0F2300620BBE /* AppDelegate.m */ = {isa = PBXFileReference; lastKnownFileType = sourcecode.c.objc; path = AppDelegate.m; sourceTree = "<group>"; };
		6B0D8F32192F0F2300620BBE /* Base */ = {isa = PBXFileReference; lastKnownFileType = file.storyboard; name = Base; path = Base.lproj/Main.storyboard; sourceTree = "<group>"; };
		6B0D8F37192F0F2300620BBE /* DetailViewController.h */ = {isa = PBXFileReference; lastKnownFileType = sourcecode.c.h; path = DetailViewController.h; sourceTree = "<group>"; };
		6B0D8F38192F0F2300620BBE /* DetailViewController.m */ = {isa = PBXFileReference; lastKnownFileType = sourcecode.c.objc; path = DetailViewController.m; sourceTree = "<group>"; };
		6B0D8F3A192F0F2300620BBE /* Images.xcassets */ = {isa = PBXFileReference; lastKnownFileType = folder.assetcatalog; path = Images.xcassets; sourceTree = "<group>"; };
		6B0D8F40192F0F2300620BBE /* DynamicPrototypeCellsTests.xctest */ = {isa = PBXFileReference; explicitFileType = wrapper.cfbundle; includeInIndex = 0; path = DynamicPrototypeCellsTests.xctest; sourceTree = BUILT_PRODUCTS_DIR; };
		6B0D8F41192F0F2300620BBE /* XCTest.framework */ = {isa = PBXFileReference; lastKnownFileType = wrapper.framework; name = XCTest.framework; path = Library/Frameworks/XCTest.framework; sourceTree = DEVELOPER_DIR; };
		6B0D8F49192F0F2300620BBE /* DynamicPrototypeCellsTests-Info.plist */ = {isa = PBXFileReference; lastKnownFileType = text.plist.xml; path = "DynamicPrototypeCellsTests-Info.plist"; sourceTree = "<group>"; };
		6B0D8F4B192F0F2300620BBE /* en */ = {isa = PBXFileReference; lastKnownFileType = text.plist.strings; name = en; path = en.lproj/InfoPlist.strings; sourceTree = "<group>"; };
		6B0D8F4D192F0F2300620BBE /* DynamicPrototypeCellsTests.m */ = {isa = PBXFileReference; lastKnownFileType = sourcecode.c.objc; path = DynamicPrototypeCellsTests.m; sourceTree = "<group>"; };
		6B0D8F57192F100C00620BBE /* ExampleTableViewController.h */ = {isa = PBXFileReference; fileEncoding = 4; lastKnownFileType = sourcecode.c.h; path = ExampleTableViewController.h; sourceTree = "<group>"; };
		6B0D8F58192F100C00620BBE /* ExampleTableViewController.m */ = {isa = PBXFileReference; fileEncoding = 4; lastKnownFileType = sourcecode.c.objc; path = ExampleTableViewController.m; sourceTree = "<group>"; };
/* End PBXFileReference section */

/* Begin PBXFrameworksBuildPhase section */
		6B0D8F19192F0F2300620BBE /* Frameworks */ = {
			isa = PBXFrameworksBuildPhase;
			buildActionMask = 2147483647;
			files = (
				6B0D8F22192F0F2300620BBE /* CoreGraphics.framework in Frameworks */,
				6B0D8F24192F0F2300620BBE /* UIKit.framework in Frameworks */,
				6B0D8F20192F0F2300620BBE /* Foundation.framework in Frameworks */,
			);
			runOnlyForDeploymentPostprocessing = 0;
		};
		6B0D8F3D192F0F2300620BBE /* Frameworks */ = {
			isa = PBXFrameworksBuildPhase;
			buildActionMask = 2147483647;
			files = (
				6B0D8F42192F0F2300620BBE /* XCTest.framework in Frameworks */,
				6B0D8F44192F0F2300620BBE /* UIKit.framework in Frameworks */,
				6B0D8F43192F0F2300620BBE /* Foundation.framework in Frameworks */,
			);
			runOnlyForDeploymentPostprocessing = 0;
		};
/* End PBXFrameworksBuildPhase section */

/* Begin PBXGroup section */
		6B0D8F13192F0F2300620BBE = {
			isa = PBXGroup;
			children = (
				6B0D8F25192F0F2300620BBE /* DynamicPrototypeCells */,
				6B0D8F47192F0F2300620BBE /* DynamicPrototypeCellsTests */,
				6B0D8F1E192F0F2300620BBE /* Frameworks */,
				6B0D8F1D192F0F2300620BBE /* Products */,
			);
			sourceTree = "<group>";
		};
		6B0D8F1D192F0F2300620BBE /* Products */ = {
			isa = PBXGroup;
			children = (
				6B0D8F1C192F0F2300620BBE /* DynamicPrototypeCells.app */,
				6B0D8F40192F0F2300620BBE /* DynamicPrototypeCellsTests.xctest */,
			);
			name = Products;
			sourceTree = "<group>";
		};
		6B0D8F1E192F0F2300620BBE /* Frameworks */ = {
			isa = PBXGroup;
			children = (
				6B0D8F1F192F0F2300620BBE /* Foundation.framework */,
				6B0D8F21192F0F2300620BBE /* CoreGraphics.framework */,
				6B0D8F23192F0F2300620BBE /* UIKit.framework */,
				6B0D8F41192F0F2300620BBE /* XCTest.framework */,
			);
			name = Frameworks;
			sourceTree = "<group>";
		};
		6B0D8F25192F0F2300620BBE /* DynamicPrototypeCells */ = {
			isa = PBXGroup;
			children = (
				6B0D8F2E192F0F2300620BBE /* AppDelegate.h */,
				6B0D8F2F192F0F2300620BBE /* AppDelegate.m */,
				6B0D8F31192F0F2300620BBE /* Main.storyboard */,
				6B0D8F57192F100C00620BBE /* ExampleTableViewController.h */,
				6B0D8F58192F100C00620BBE /* ExampleTableViewController.m */,
				6B0D8F37192F0F2300620BBE /* DetailViewController.h */,
				6B0D8F38192F0F2300620BBE /* DetailViewController.m */,
				6B0D8F3A192F0F2300620BBE /* Images.xcassets */,
				6B0D8F26192F0F2300620BBE /* Supporting Files */,
			);
			path = DynamicPrototypeCells;
			sourceTree = "<group>";
		};
		6B0D8F26192F0F2300620BBE /* Supporting Files */ = {
			isa = PBXGroup;
			children = (
				6B0D8F27192F0F2300620BBE /* DynamicPrototypeCells-Info.plist */,
				6B0D8F28192F0F2300620BBE /* InfoPlist.strings */,
				6B0D8F2B192F0F2300620BBE /* main.m */,
				6B0D8F2D192F0F2300620BBE /* DynamicPrototypeCells-Prefix.pch */,
			);
			name = "Supporting Files";
			sourceTree = "<group>";
		};
		6B0D8F47192F0F2300620BBE /* DynamicPrototypeCellsTests */ = {
			isa = PBXGroup;
			children = (
				6B0D8F4D192F0F2300620BBE /* DynamicPrototypeCellsTests.m */,
				6B0D8F48192F0F2300620BBE /* Supporting Files */,
			);
			path = DynamicPrototypeCellsTests;
			sourceTree = "<group>";
		};
		6B0D8F48192F0F2300620BBE /* Supporting Files */ = {
			isa = PBXGroup;
			children = (
				6B0D8F49192F0F2300620BBE /* DynamicPrototypeCellsTests-Info.plist */,
				6B0D8F4A192F0F2300620BBE /* InfoPlist.strings */,
			);
			name = "Supporting Files";
			sourceTree = "<group>";
		};
/* End PBXGroup section */

/* Begin PBXNativeTarget section */
		6B0D8F1B192F0F2300620BBE /* DynamicPrototypeCells */ = {
			isa = PBXNativeTarget;
			buildConfigurationList = 6B0D8F51192F0F2300620BBE /* Build configuration list for PBXNativeTarget "DynamicPrototypeCells" */;
			buildPhases = (
				6B0D8F18192F0F2300620BBE /* Sources */,
				6B0D8F19192F0F2300620BBE /* Frameworks */,
				6B0D8F1A192F0F2300620BBE /* Resources */,
			);
			buildRules = (
			);
			dependencies = (
			);
			name = DynamicPrototypeCells;
			productName = DynamicPrototypeCells;
			productReference = 6B0D8F1C192F0F2300620BBE /* DynamicPrototypeCells.app */;
			productType = "com.apple.product-type.application";
		};
		6B0D8F3F192F0F2300620BBE /* DynamicPrototypeCellsTests */ = {
			isa = PBXNativeTarget;
			buildConfigurationList = 6B0D8F54192F0F2300620BBE /* Build configuration list for PBXNativeTarget "DynamicPrototypeCellsTests" */;
			buildPhases = (
				6B0D8F3C192F0F2300620BBE /* Sources */,
				6B0D8F3D192F0F2300620BBE /* Frameworks */,
				6B0D8F3E192F0F2300620BBE /* Resources */,
			);
			buildRules = (
			);
			dependencies = (
				6B0D8F46192F0F2300620BBE /* PBXTargetDependency */,
			);
			name = DynamicPrototypeCellsTests;
			productName = DynamicPrototypeCellsTests;
			productReference = 6B0D8F40192F0F2300620BBE /* DynamicPrototypeCellsTests.xctest */;
			productType = "com.apple.product-type.bundle.unit-test";
		};
/* End PBXNativeTarget section */

/* Begin PBXProject section */
		6B0D8F14192F0F2300620BBE /* Project object */ = {
			isa = PBXProject;
			attributes = {
				LastUpgradeCheck = 0510;
				ORGANIZATIONNAME = "Aberystwyth University";
				TargetAttributes = {
					6B0D8F3F192F0F2300620BBE = {
						TestTargetID = 6B0D8F1B192F0F2300620BBE;
					};
				};
			};
			buildConfigurationList = 6B0D8F17192F0F2300620BBE /* Build configuration list for PBXProject "DynamicPrototypeCells" */;
			compatibilityVersion = "Xcode 3.2";
			developmentRegion = English;
			hasScannedForEncodings = 0;
			knownRegions = (
				en,
				Base,
			);
			mainGroup = 6B0D8F13192F0F2300620BBE;
			productRefGroup = 6B0D8F1D192F0F2300620BBE /* Products */;
			projectDirPath = "";
			projectRoot = "";
			targets = (
				6B0D8F1B192F0F2300620BBE /* DynamicPrototypeCells */,
				6B0D8F3F192F0F2300620BBE /* DynamicPrototypeCellsTests */,
			);
		};
/* End PBXProject section */

/* Begin PBXResourcesBuildPhase section */
		6B0D8F1A192F0F2300620BBE /* Resources */ = {
			isa = PBXResourcesBuildPhase;
			buildActionMask = 2147483647;
			files = (
				6B0D8F3B192F0F2300620BBE /* Images.xcassets in Resources */,
				6B0D8F2A192F0F2300620BBE /* InfoPlist.strings in Resources */,
				6B0D8F33192F0F2300620BBE /* Main.storyboard in Resources */,
			);
			runOnlyForDeploymentPostprocessing = 0;
		};
		6B0D8F3E192F0F2300620BBE /* Resources */ = {
			isa = PBXResourcesBuildPhase;
			buildActionMask = 2147483647;
			files = (
				6B0D8F4C192F0F2300620BBE /* InfoPlist.strings in Resources */,
			);
			runOnlyForDeploymentPostprocessing = 0;
		};
/* End PBXResourcesBuildPhase section */

/* Begin PBXSourcesBuildPhase section */
		6B0D8F18192F0F2300620BBE /* Sources */ = {
			isa = PBXSourcesBuildPhase;
			buildActionMask = 2147483647;
			files = (
				6B0D8F30192F0F2300620BBE /* AppDelegate.m in Sources */,
				6B0D8F59192F100C00620BBE /* ExampleTableViewController.m in Sources */,
				6B0D8F2C192F0F2300620BBE /* main.m in Sources */,
				6B0D8F39192F0F2300620BBE /* DetailViewController.m in Sources */,
			);
			runOnlyForDeploymentPostprocessing = 0;
		};
		6B0D8F3C192F0F2300620BBE /* Sources */ = {
			isa = PBXSourcesBuildPhase;
			buildActionMask = 2147483647;
			files = (
				6B0D8F4E192F0F2300620BBE /* DynamicPrototypeCellsTests.m in Sources */,
			);
			runOnlyForDeploymentPostprocessing = 0;
		};
/* End PBXSourcesBuildPhase section */

/* Begin PBXTargetDependency section */
		6B0D8F46192F0F2300620BBE /* PBXTargetDependency */ = {
			isa = PBXTargetDependency;
			target = 6B0D8F1B192F0F2300620BBE /* DynamicPrototypeCells */;
			targetProxy = 6B0D8F45192F0F2300620BBE /* PBXContainerItemProxy */;
		};
/* End PBXTargetDependency section */

/* Begin PBXVariantGroup section */
		6B0D8F28192F0F2300620BBE /* InfoPlist.strings */ = {
			isa = PBXVariantGroup;
			children = (
				6B0D8F29192F0F2300620BBE /* en */,
			);
			name = InfoPlist.strings;
			sourceTree = "<group>";
		};
		6B0D8F31192F0F2300620BBE /* Main.storyboard */ = {
			isa = PBXVariantGroup;
			children = (
				6B0D8F32192F0F2300620BBE /* Base */,
			);
			name = Main.storyboard;
			sourceTree = "<group>";
		};
		6B0D8F4A192F0F2300620BBE /* InfoPlist.strings */ = {
			isa = PBXVariantGroup;
			children = (
				6B0D8F4B192F0F2300620BBE /* en */,
			);
			name = InfoPlist.strings;
			sourceTree = "<group>";
		};
/* End PBXVariantGroup section */

/* Begin XCBuildConfiguration section */
		6B0D8F4F192F0F2300620BBE /* Debug */ = {
			isa = XCBuildConfiguration;
			buildSettings = {
				ALWAYS_SEARCH_USER_PATHS = NO;
				CLANG_CXX_LANGUAGE_STANDARD = "gnu++0x";
				CLANG_CXX_LIBRARY = "libc++";
				CLANG_ENABLE_MODULES = YES;
				CLANG_ENABLE_OBJC_ARC = YES;
				CLANG_WARN_BOOL_CONVERSION = YES;
				CLANG_WARN_CONSTANT_CONVERSION = YES;
				CLANG_WARN_DIRECT_OBJC_ISA_USAGE = YES_ERROR;
				CLANG_WARN_EMPTY_BODY = YES;
				CLANG_WARN_ENUM_CONVERSION = YES;
				CLANG_WARN_INT_CONVERSION = YES;
				CLANG_WARN_OBJC_ROOT_CLASS = YES_ERROR;
				CLANG_WARN__DUPLICATE_METHOD_MATCH = YES;
				"CODE_SIGN_IDENTITY[sdk=iphoneos*]" = "iPhone Developer";
				COPY_PHASE_STRIP = NO;
				GCC_C_LANGUAGE_STANDARD = gnu99;
				GCC_DYNAMIC_NO_PIC = NO;
				GCC_OPTIMIZATION_LEVEL = 0;
				GCC_PREPROCESSOR_DEFINITIONS = (
					"DEBUG=1",
					"$(inherited)",
				);
				GCC_SYMBOLS_PRIVATE_EXTERN = NO;
				GCC_WARN_64_TO_32_BIT_CONVERSION = YES;
				GCC_WARN_ABOUT_RETURN_TYPE = YES_ERROR;
				GCC_WARN_UNDECLARED_SELECTOR = YES;
				GCC_WARN_UNINITIALIZED_AUTOS = YES_AGGRESSIVE;
				GCC_WARN_UNUSED_FUNCTION = YES;
				GCC_WARN_UNUSED_VARIABLE = YES;
				IPHONEOS_DEPLOYMENT_TARGET = 7.1;
				ONLY_ACTIVE_ARCH = YES;
				SDKROOT = iphoneos;
			};
			name = Debug;
		};
		6B0D8F50192F0F2300620BBE /* Release */ = {
			isa = XCBuildConfiguration;
			buildSettings = {
				ALWAYS_SEARCH_USER_PATHS = NO;
				CLANG_CXX_LANGUAGE_STANDARD = "gnu++0x";
				CLANG_CXX_LIBRARY = "libc++";
				CLANG_ENABLE_MODULES = YES;
				CLANG_ENABLE_OBJC_ARC = YES;
				CLANG_WARN_BOOL_CONVERSION = YES;
				CLANG_WARN_CONSTANT_CONVERSION = YES;
				CLANG_WARN_DIRECT_OBJC_ISA_USAGE = YES_ERROR;
				CLANG_WARN_EMPTY_BODY = YES;
				CLANG_WARN_ENUM_CONVERSION = YES;
				CLANG_WARN_INT_CONVERSION = YES;
				CLANG_WARN_OBJC_ROOT_CLASS = YES_ERROR;
				CLANG_WARN__DUPLICATE_METHOD_MATCH = YES;
				"CODE_SIGN_IDENTITY[sdk=iphoneos*]" = "iPhone Developer";
				COPY_PHASE_STRIP = YES;
				ENABLE_NS_ASSERTIONS = NO;
				GCC_C_LANGUAGE_STANDARD = gnu99;
				GCC_WARN_64_TO_32_BIT_CONVERSION = YES;
				GCC_WARN_ABOUT_RETURN_TYPE = YES_ERROR;
				GCC_WARN_UNDECLARED_SELECTOR = YES;
				GCC_WARN_UNINITIALIZED_AUTOS = YES_AGGRESSIVE;
				GCC_WARN_UNUSED_FUNCTION = YES;
				GCC_WARN_UNUSED_VARIABLE = YES;
				IPHONEOS_DEPLOYMENT_TARGET = 7.1;
				SDKROOT = iphoneos;
				VALIDATE_PRODUCT = YES;
			};
			name = Release;
		};
		6B0D8F52192F0F2300620BBE /* Debug */ = {
			isa = XCBuildConfiguration;
			buildSettings = {
				ASSETCATALOG_COMPILER_APPICON_NAME = AppIcon;
				ASSETCATALOG_COMPILER_LAUNCHIMAGE_NAME = LaunchImage;
				GCC_PRECOMPILE_PREFIX_HEADER = YES;
				GCC_PREFIX_HEADER = "DynamicPrototypeCells/DynamicPrototypeCells-Prefix.pch";
				INFOPLIST_FILE = "DynamicPrototypeCells/DynamicPrototypeCells-Info.plist";
				PRODUCT_NAME = "$(TARGET_NAME)";
				WRAPPER_EXTENSION = app;
			};
			name = Debug;
		};
		6B0D8F53192F0F2300620BBE /* Release */ = {
			isa = XCBuildConfiguration;
			buildSettings = {
				ASSETCATALOG_COMPILER_APPICON_NAME = AppIcon;
				ASSETCATALOG_COMPILER_LAUNCHIMAGE_NAME = LaunchImage;
				GCC_PRECOMPILE_PREFIX_HEADER = YES;
				GCC_PREFIX_HEADER = "DynamicPrototypeCells/DynamicPrototypeCells-Prefix.pch";
				INFOPLIST_FILE = "DynamicPrototypeCells/DynamicPrototypeCells-Info.plist";
				PRODUCT_NAME = "$(TARGET_NAME)";
				WRAPPER_EXTENSION = app;
			};
			name = Release;
		};
		6B0D8F55192F0F2300620BBE /* Debug */ = {
			isa = XCBuildConfiguration;
			buildSettings = {
				BUNDLE_LOADER = "$(BUILT_PRODUCTS_DIR)/DynamicPrototypeCells.app/DynamicPrototypeCells";
				FRAMEWORK_SEARCH_PATHS = (
					"$(SDKROOT)/Developer/Library/Frameworks",
					"$(inherited)",
					"$(DEVELOPER_FRAMEWORKS_DIR)",
				);
				GCC_PRECOMPILE_PREFIX_HEADER = YES;
				GCC_PREFIX_HEADER = "DynamicPrototypeCells/DynamicPrototypeCells-Prefix.pch";
				GCC_PREPROCESSOR_DEFINITIONS = (
					"DEBUG=1",
					"$(inherited)",
				);
				INFOPLIST_FILE = "DynamicPrototypeCellsTests/DynamicPrototypeCellsTests-Info.plist";
				PRODUCT_NAME = "$(TARGET_NAME)";
				TEST_HOST = "$(BUNDLE_LOADER)";
				WRAPPER_EXTENSION = xctest;
			};
			name = Debug;
		};
		6B0D8F56192F0F2300620BBE /* Release */ = {
			isa = XCBuildConfiguration;
			buildSettings = {
				BUNDLE_LOADER = "$(BUILT_PRODUCTS_DIR)/DynamicPrototypeCells.app/DynamicPrototypeCells";
				FRAMEWORK_SEARCH_PATHS = (
					"$(SDKROOT)/Developer/Library/Frameworks",
					"$(inherited)",
					"$(DEVELOPER_FRAMEWORKS_DIR)",
				);
				GCC_PRECOMPILE_PREFIX_HEADER = YES;
				GCC_PREFIX_HEADER = "DynamicPrototypeCells/DynamicPrototypeCells-Prefix.pch";
				INFOPLIST_FILE = "DynamicPrototypeCellsTests/DynamicPrototypeCellsTests-Info.plist";
				PRODUCT_NAME = "$(TARGET_NAME)";
				TEST_HOST = "$(BUNDLE_LOADER)";
				WRAPPER_EXTENSION = xctest;
			};
			name = Release;
		};
/* End XCBuildConfiguration section */

/* Begin XCConfigurationList section */
		6B0D8F17192F0F2300620BBE /* Build configuration list for PBXProject "DynamicPrototypeCells" */ = {
			isa = XCConfigurationList;
			buildConfigurations = (
				6B0D8F4F192F0F2300620BBE /* Debug */,
				6B0D8F50192F0F2300620BBE /* Release */,
			);
			defaultConfigurationIsVisible = 0;
			defaultConfigurationName = Release;
		};
		6B0D8F51192F0F2300620BBE /* Build configuration list for PBXNativeTarget "DynamicPrototypeCells" */ = {
			isa = XCConfigurationList;
			buildConfigurations = (
				6B0D8F52192F0F2300620BBE /* Debug */,
				6B0D8F53192F0F2300620BBE /* Release */,
			);
			defaultConfigurationIsVisible = 0;
		};
		6B0D8F54192F0F2300620BBE /* Build configuration list for PBXNativeTarget "DynamicPrototypeCellsTests" */ = {
			isa = XCConfigurationList;
			buildConfigurations = (
				6B0D8F55192F0F2300620BBE /* Debug */,
				6B0D8F56192F0F2300620BBE /* Release */,
			);
			defaultConfigurationIsVisible = 0;
		};
/* End XCConfigurationList section */
	};
	rootObject = 6B0D8F14192F0F2300620BBE /* Project object */;
}
