// !$*UTF8*$!
{
	archiveVersion = 1;
	classes = {
	};
	objectVersion = 46;
	objects = {

/* Begin PBXBuildFile section */
		6B0D8E98192E282D00620BBE /* Foundation.framework in Frameworks */ = {isa = PBXBuildFile; fileRef = 6B0D8E97192E282D00620BBE /* Foundation.framework */; };
		6B0D8E9A192E282D00620BBE /* CoreGraphics.framework in Frameworks */ = {isa = PBXBuildFile; fileRef = 6B0D8E99192E282D00620BBE /* CoreGraphics.framework */; };
		6B0D8E9C192E282D00620BBE /* UIKit.framework in Frameworks */ = {isa = PBXBuildFile; fileRef = 6B0D8E9B192E282D00620BBE /* UIKit.framework */; };
		6B0D8EA2192E282D00620BBE /* InfoPlist.strings in Resources */ = {isa = PBXBuildFile; fileRef = 6B0D8EA0192E282D00620BBE /* InfoPlist.strings */; };
		6B0D8EA4192E282D00620BBE /* main.m in Sources */ = {isa = PBXBuildFile; fileRef = 6B0D8EA3192E282D00620BBE /* main.m */; };
		6B0D8EA8192E282D00620BBE /* AppDelegate.m in Sources */ = {isa = PBXBuildFile; fileRef = 6B0D8EA7192E282D00620BBE /* AppDelegate.m */; };
		6B0D8EAB192E282D00620BBE /* Main.storyboard in Resources */ = {isa = PBXBuildFile; fileRef = 6B0D8EA9192E282D00620BBE /* Main.storyboard */; };
		6B0D8EAE192E282D00620BBE /* MasterViewController.m in Sources */ = {isa = PBXBuildFile; fileRef = 6B0D8EAD192E282D00620BBE /* MasterViewController.m */; };
		6B0D8EB1192E282D00620BBE /* DetailViewController.m in Sources */ = {isa = PBXBuildFile; fileRef = 6B0D8EB0192E282D00620BBE /* DetailViewController.m */; };
		6B0D8EB3192E282D00620BBE /* Images.xcassets in Resources */ = {isa = PBXBuildFile; fileRef = 6B0D8EB2192E282D00620BBE /* Images.xcassets */; };
		6B0D8EBA192E282D00620BBE /* XCTest.framework in Frameworks */ = {isa = PBXBuildFile; fileRef = 6B0D8EB9192E282D00620BBE /* XCTest.framework */; };
		6B0D8EBB192E282D00620BBE /* Foundation.framework in Frameworks */ = {isa = PBXBuildFile; fileRef = 6B0D8E97192E282D00620BBE /* Foundation.framework */; };
		6B0D8EBC192E282D00620BBE /* UIKit.framework in Frameworks */ = {isa = PBXBuildFile; fileRef = 6B0D8E9B192E282D00620BBE /* UIKit.framework */; };
		6B0D8EC4192E282D00620BBE /* InfoPlist.strings in Resources */ = {isa = PBXBuildFile; fileRef = 6B0D8EC2192E282D00620BBE /* InfoPlist.strings */; };
		6B0D8EC6192E282D00620BBE /* StaticTablesTests.m in Sources */ = {isa = PBXBuildFile; fileRef = 6B0D8EC5192E282D00620BBE /* StaticTablesTests.m */; };
/* End PBXBuildFile section */

/* Begin PBXContainerItemProxy section */
		6B0D8EBD192E282D00620BBE /* PBXContainerItemProxy */ = {
			isa = PBXContainerItemProxy;
			containerPortal = 6B0D8E8C192E282D00620BBE /* Project object */;
			proxyType = 1;
			remoteGlobalIDString = 6B0D8E93192E282D00620BBE;
			remoteInfo = StaticTables;
		};
/* End PBXContainerItemProxy section */

/* Begin PBXFileReference section */
		6B0D8E94192E282D00620BBE /* StaticTables.app */ = {isa = PBXFileReference; explicitFileType = wrapper.application; includeInIndex = 0; path = StaticTables.app; sourceTree = BUILT_PRODUCTS_DIR; };
		6B0D8E97192E282D00620BBE /* Foundation.framework */ = {isa = PBXFileReference; lastKnownFileType = wrapper.framework; name = Foundation.framework; path = System/Library/Frameworks/Foundation.framework; sourceTree = SDKROOT; };
		6B0D8E99192E282D00620BBE /* CoreGraphics.framework */ = {isa = PBXFileReference; lastKnownFileType = wrapper.framework; name = CoreGraphics.framework; path = System/Library/Frameworks/CoreGraphics.framework; sourceTree = SDKROOT; };
		6B0D8E9B192E282D00620BBE /* UIKit.framework */ = {isa = PBXFileReference; lastKnownFileType = wrapper.framework; name = UIKit.framework; path = System/Library/Frameworks/UIKit.framework; sourceTree = SDKROOT; };
		6B0D8E9F192E282D00620BBE /* StaticTables-Info.plist */ = {isa = PBXFileReference; lastKnownFileType = text.plist.xml; path = "StaticTables-Info.plist"; sourceTree = "<group>"; };
		6B0D8EA1192E282D00620BBE /* en */ = {isa = PBXFileReference; lastKnownFileType = text.plist.strings; name = en; path = en.lproj/InfoPlist.strings; sourceTree = "<group>"; };
		6B0D8EA3192E282D00620BBE /* main.m */ = {isa = PBXFileReference; lastKnownFileType = sourcecode.c.objc; path = main.m; sourceTree = "<group>"; };
		6B0D8EA5192E282D00620BBE /* StaticTables-Prefix.pch */ = {isa = PBXFileReference; lastKnownFileType = sourcecode.c.h; path = "StaticTables-Prefix.pch"; sourceTree = "<group>"; };
		6B0D8EA6192E282D00620BBE /* AppDelegate.h */ = {isa = PBXFileReference; lastKnownFileType = sourcecode.c.h; path = AppDelegate.h; sourceTree = "<group>"; };
		6B0D8EA7192E282D00620BBE /* AppDelegate.m */ = {isa = PBXFileReference; lastKnownFileType = sourcecode.c.objc; path = AppDelegate.m; sourceTree = "<group>"; };
		6B0D8EAA192E282D00620BBE /* Base */ = {isa = PBXFileReference; lastKnownFileType = file.storyboard; name = Base; path = Base.lproj/Main.storyboard; sourceTree = "<group>"; };
		6B0D8EAC192E282D00620BBE /* MasterViewController.h */ = {isa = PBXFileReference; lastKnownFileType = sourcecode.c.h; path = MasterViewController.h; sourceTree = "<group>"; };
		6B0D8EAD192E282D00620BBE /* MasterViewController.m */ = {isa = PBXFileReference; lastKnownFileType = sourcecode.c.objc; path = MasterViewController.m; sourceTree = "<group>"; };
		6B0D8EAF192E282D00620BBE /* DetailViewController.h */ = {isa = PBXFileReference; lastKnownFileType = sourcecode.c.h; path = DetailViewController.h; sourceTree = "<group>"; };
		6B0D8EB0192E282D00620BBE /* DetailViewController.m */ = {isa = PBXFileReference; lastKnownFileType = sourcecode.c.objc; path = DetailViewController.m; sourceTree = "<group>"; };
		6B0D8EB2192E282D00620BBE /* Images.xcassets */ = {isa = PBXFileReference; lastKnownFileType = folder.assetcatalog; path = Images.xcassets; sourceTree = "<group>"; };
		6B0D8EB8192E282D00620BBE /* StaticTablesTests.xctest */ = {isa = PBXFileReference; explicitFileType = wrapper.cfbundle; includeInIndex = 0; path = StaticTablesTests.xctest; sourceTree = BUILT_PRODUCTS_DIR; };
		6B0D8EB9192E282D00620BBE /* XCTest.framework */ = {isa = PBXFileReference; lastKnownFileType = wrapper.framework; name = XCTest.framework; path = Library/Frameworks/XCTest.framework; sourceTree = DEVELOPER_DIR; };
		6B0D8EC1192E282D00620BBE /* StaticTablesTests-Info.plist */ = {isa = PBXFileReference; lastKnownFileType = text.plist.xml; path = "StaticTablesTests-Info.plist"; sourceTree = "<group>"; };
		6B0D8EC3192E282D00620BBE /* en */ = {isa = PBXFileReference; lastKnownFileType = text.plist.strings; name = en; path = en.lproj/InfoPlist.strings; sourceTree = "<group>"; };
		6B0D8EC5192E282D00620BBE /* StaticTablesTests.m */ = {isa = PBXFileReference; lastKnownFileType = sourcecode.c.objc; path = StaticTablesTests.m; sourceTree = "<group>"; };
/* End PBXFileReference section */

/* Begin PBXFrameworksBuildPhase section */
		6B0D8E91192E282D00620BBE /* Frameworks */ = {
			isa = PBXFrameworksBuildPhase;
			buildActionMask = 2147483647;
			files = (
				6B0D8E9A192E282D00620BBE /* CoreGraphics.framework in Frameworks */,
				6B0D8E9C192E282D00620BBE /* UIKit.framework in Frameworks */,
				6B0D8E98192E282D00620BBE /* Foundation.framework in Frameworks */,
			);
			runOnlyForDeploymentPostprocessing = 0;
		};
		6B0D8EB5192E282D00620BBE /* Frameworks */ = {
			isa = PBXFrameworksBuildPhase;
			buildActionMask = 2147483647;
			files = (
				6B0D8EBA192E282D00620BBE /* XCTest.framework in Frameworks */,
				6B0D8EBC192E282D00620BBE /* UIKit.framework in Frameworks */,
				6B0D8EBB192E282D00620BBE /* Foundation.framework in Frameworks */,
			);
			runOnlyForDeploymentPostprocessing = 0;
		};
/* End PBXFrameworksBuildPhase section */

/* Begin PBXGroup section */
		6B0D8E8B192E282D00620BBE = {
			isa = PBXGroup;
			children = (
				6B0D8E9D192E282D00620BBE /* StaticTables */,
				6B0D8EBF192E282D00620BBE /* StaticTablesTests */,
				6B0D8E96192E282D00620BBE /* Frameworks */,
				6B0D8E95192E282D00620BBE /* Products */,
			);
			sourceTree = "<group>";
		};
		6B0D8E95192E282D00620BBE /* Products */ = {
			isa = PBXGroup;
			children = (
				6B0D8E94192E282D00620BBE /* StaticTables.app */,
				6B0D8EB8192E282D00620BBE /* StaticTablesTests.xctest */,
			);
			name = Products;
			sourceTree = "<group>";
		};
		6B0D8E96192E282D00620BBE /* Frameworks */ = {
			isa = PBXGroup;
			children = (
				6B0D8E97192E282D00620BBE /* Foundation.framework */,
				6B0D8E99192E282D00620BBE /* CoreGraphics.framework */,
				6B0D8E9B192E282D00620BBE /* UIKit.framework */,
				6B0D8EB9192E282D00620BBE /* XCTest.framework */,
			);
			name = Frameworks;
			sourceTree = "<group>";
		};
		6B0D8E9D192E282D00620BBE /* StaticTables */ = {
			isa = PBXGroup;
			children = (
				6B0D8EA6192E282D00620BBE /* AppDelegate.h */,
				6B0D8EA7192E282D00620BBE /* AppDelegate.m */,
				6B0D8EA9192E282D00620BBE /* Main.storyboard */,
				6B0D8EAC192E282D00620BBE /* MasterViewController.h */,
				6B0D8EAD192E282D00620BBE /* MasterViewController.m */,
				6B0D8EAF192E282D00620BBE /* DetailViewController.h */,
				6B0D8EB0192E282D00620BBE /* DetailViewController.m */,
				6B0D8EB2192E282D00620BBE /* Images.xcassets */,
				6B0D8E9E192E282D00620BBE /* Supporting Files */,
			);
			path = StaticTables;
			sourceTree = "<group>";
		};
		6B0D8E9E192E282D00620BBE /* Supporting Files */ = {
			isa = PBXGroup;
			children = (
				6B0D8E9F192E282D00620BBE /* StaticTables-Info.plist */,
				6B0D8EA0192E282D00620BBE /* InfoPlist.strings */,
				6B0D8EA3192E282D00620BBE /* main.m */,
				6B0D8EA5192E282D00620BBE /* StaticTables-Prefix.pch */,
			);
			name = "Supporting Files";
			sourceTree = "<group>";
		};
		6B0D8EBF192E282D00620BBE /* StaticTablesTests */ = {
			isa = PBXGroup;
			children = (
				6B0D8EC5192E282D00620BBE /* StaticTablesTests.m */,
				6B0D8EC0192E282D00620BBE /* Supporting Files */,
			);
			path = StaticTablesTests;
			sourceTree = "<group>";
		};
		6B0D8EC0192E282D00620BBE /* Supporting Files */ = {
			isa = PBXGroup;
			children = (
				6B0D8EC1192E282D00620BBE /* StaticTablesTests-Info.plist */,
				6B0D8EC2192E282D00620BBE /* InfoPlist.strings */,
			);
			name = "Supporting Files";
			sourceTree = "<group>";
		};
/* End PBXGroup section */

/* Begin PBXNativeTarget section */
		6B0D8E93192E282D00620BBE /* StaticTables */ = {
			isa = PBXNativeTarget;
			buildConfigurationList = 6B0D8EC9192E282D00620BBE /* Build configuration list for PBXNativeTarget "StaticTables" */;
			buildPhases = (
				6B0D8E90192E282D00620BBE /* Sources */,
				6B0D8E91192E282D00620BBE /* Frameworks */,
				6B0D8E92192E282D00620BBE /* Resources */,
			);
			buildRules = (
			);
			dependencies = (
			);
			name = StaticTables;
			productName = StaticTables;
			productReference = 6B0D8E94192E282D00620BBE /* StaticTables.app */;
			productType = "com.apple.product-type.application";
		};
		6B0D8EB7192E282D00620BBE /* StaticTablesTests */ = {
			isa = PBXNativeTarget;
			buildConfigurationList = 6B0D8ECC192E282D00620BBE /* Build configuration list for PBXNativeTarget "StaticTablesTests" */;
			buildPhases = (
				6B0D8EB4192E282D00620BBE /* Sources */,
				6B0D8EB5192E282D00620BBE /* Frameworks */,
				6B0D8EB6192E282D00620BBE /* Resources */,
			);
			buildRules = (
			);
			dependencies = (
				6B0D8EBE192E282D00620BBE /* PBXTargetDependency */,
			);
			name = StaticTablesTests;
			productName = StaticTablesTests;
			productReference = 6B0D8EB8192E282D00620BBE /* StaticTablesTests.xctest */;
			productType = "com.apple.product-type.bundle.unit-test";
		};
/* End PBXNativeTarget section */

/* Begin PBXProject section */
		6B0D8E8C192E282D00620BBE /* Project object */ = {
			isa = PBXProject;
			attributes = {
				LastUpgradeCheck = 0510;
				ORGANIZATIONNAME = "Aberystwyth University";
				TargetAttributes = {
					6B0D8EB7192E282D00620BBE = {
						TestTargetID = 6B0D8E93192E282D00620BBE;
					};
				};
			};
			buildConfigurationList = 6B0D8E8F192E282D00620BBE /* Build configuration list for PBXProject "StaticTables" */;
			compatibilityVersion = "Xcode 3.2";
			developmentRegion = English;
			hasScannedForEncodings = 0;
			knownRegions = (
				en,
				Base,
			);
			mainGroup = 6B0D8E8B192E282D00620BBE;
			productRefGroup = 6B0D8E95192E282D00620BBE /* Products */;
			projectDirPath = "";
			projectRoot = "";
			targets = (
				6B0D8E93192E282D00620BBE /* StaticTables */,
				6B0D8EB7192E282D00620BBE /* StaticTablesTests */,
			);
		};
/* End PBXProject section */

/* Begin PBXResourcesBuildPhase section */
		6B0D8E92192E282D00620BBE /* Resources */ = {
			isa = PBXResourcesBuildPhase;
			buildActionMask = 2147483647;
			files = (
				6B0D8EB3192E282D00620BBE /* Images.xcassets in Resources */,
				6B0D8EA2192E282D00620BBE /* InfoPlist.strings in Resources */,
				6B0D8EAB192E282D00620BBE /* Main.storyboard in Resources */,
			);
			runOnlyForDeploymentPostprocessing = 0;
		};
		6B0D8EB6192E282D00620BBE /* Resources */ = {
			isa = PBXResourcesBuildPhase;
			buildActionMask = 2147483647;
			files = (
				6B0D8EC4192E282D00620BBE /* InfoPlist.strings in Resources */,
			);
			runOnlyForDeploymentPostprocessing = 0;
		};
/* End PBXResourcesBuildPhase section */

/* Begin PBXSourcesBuildPhase section */
		6B0D8E90192E282D00620BBE /* Sources */ = {
			isa = PBXSourcesBuildPhase;
			buildActionMask = 2147483647;
			files = (
				6B0D8EA8192E282D00620BBE /* AppDelegate.m in Sources */,
				6B0D8EAE192E282D00620BBE /* MasterViewController.m in Sources */,
				6B0D8EA4192E282D00620BBE /* main.m in Sources */,
				6B0D8EB1192E282D00620BBE /* DetailViewController.m in Sources */,
			);
			runOnlyForDeploymentPostprocessing = 0;
		};
		6B0D8EB4192E282D00620BBE /* Sources */ = {
			isa = PBXSourcesBuildPhase;
			buildActionMask = 2147483647;
			files = (
				6B0D8EC6192E282D00620BBE /* StaticTablesTests.m in Sources */,
			);
			runOnlyForDeploymentPostprocessing = 0;
		};
/* End PBXSourcesBuildPhase section */

/* Begin PBXTargetDependency section */
		6B0D8EBE192E282D00620BBE /* PBXTargetDependency */ = {
			isa = PBXTargetDependency;
			target = 6B0D8E93192E282D00620BBE /* StaticTables */;
			targetProxy = 6B0D8EBD192E282D00620BBE /* PBXContainerItemProxy */;
		};
/* End PBXTargetDependency section */

/* Begin PBXVariantGroup section */
		6B0D8EA0192E282D00620BBE /* InfoPlist.strings */ = {
			isa = PBXVariantGroup;
			children = (
				6B0D8EA1192E282D00620BBE /* en */,
			);
			name = InfoPlist.strings;
			sourceTree = "<group>";
		};
		6B0D8EA9192E282D00620BBE /* Main.storyboard */ = {
			isa = PBXVariantGroup;
			children = (
				6B0D8EAA192E282D00620BBE /* Base */,
			);
			name = Main.storyboard;
			sourceTree = "<group>";
		};
		6B0D8EC2192E282D00620BBE /* InfoPlist.strings */ = {
			isa = PBXVariantGroup;
			children = (
				6B0D8EC3192E282D00620BBE /* en */,
			);
			name = InfoPlist.strings;
			sourceTree = "<group>";
		};
/* End PBXVariantGroup section */

/* Begin XCBuildConfiguration section */
		6B0D8EC7192E282D00620BBE /* Debug */ = {
			isa = XCBuildConfiguration;
			buildSettings = {
				ALWAYS_SEARCH_USER_PATHS = NO;
				CLANG_CXX_LANGUAGE_STANDARD = "gnu++0x";
				CLANG_CXX_LIBRARY = "libc++";
				CLANG_ENABLE_MODULES = YES;
				CLANG_ENABLE_OBJC_ARC = YES;
				CLANG_WARN_BOOL_CONVERSION = YES;
				CLANG_WARN_CONSTANT_CONVERSION = YES;
				CLANG_WARN_DIRECT_OBJC_ISA_USAGE = YES_ERROR;
				CLANG_WARN_EMPTY_BODY = YES;
				CLANG_WARN_ENUM_CONVERSION = YES;
				CLANG_WARN_INT_CONVERSION = YES;
				CLANG_WARN_OBJC_ROOT_CLASS = YES_ERROR;
				CLANG_WARN__DUPLICATE_METHOD_MATCH = YES;
				"CODE_SIGN_IDENTITY[sdk=iphoneos*]" = "iPhone Developer";
				COPY_PHASE_STRIP = NO;
				GCC_C_LANGUAGE_STANDARD = gnu99;
				GCC_DYNAMIC_NO_PIC = NO;
				GCC_OPTIMIZATION_LEVEL = 0;
				GCC_PREPROCESSOR_DEFINITIONS = (
					"DEBUG=1",
					"$(inherited)",
				);
				GCC_SYMBOLS_PRIVATE_EXTERN = NO;
				GCC_WARN_64_TO_32_BIT_CONVERSION = YES;
				GCC_WARN_ABOUT_RETURN_TYPE = YES_ERROR;
				GCC_WARN_UNDECLARED_SELECTOR = YES;
				GCC_WARN_UNINITIALIZED_AUTOS = YES_AGGRESSIVE;
				GCC_WARN_UNUSED_FUNCTION = YES;
				GCC_WARN_UNUSED_VARIABLE = YES;
				IPHONEOS_DEPLOYMENT_TARGET = 7.1;
				ONLY_ACTIVE_ARCH = YES;
				SDKROOT = iphoneos;
			};
			name = Debug;
		};
		6B0D8EC8192E282D00620BBE /* Release */ = {
			isa = XCBuildConfiguration;
			buildSettings = {
				ALWAYS_SEARCH_USER_PATHS = NO;
				CLANG_CXX_LANGUAGE_STANDARD = "gnu++0x";
				CLANG_CXX_LIBRARY = "libc++";
				CLANG_ENABLE_MODULES = YES;
				CLANG_ENABLE_OBJC_ARC = YES;
				CLANG_WARN_BOOL_CONVERSION = YES;
				CLANG_WARN_CONSTANT_CONVERSION = YES;
				CLANG_WARN_DIRECT_OBJC_ISA_USAGE = YES_ERROR;
				CLANG_WARN_EMPTY_BODY = YES;
				CLANG_WARN_ENUM_CONVERSION = YES;
				CLANG_WARN_INT_CONVERSION = YES;
				CLANG_WARN_OBJC_ROOT_CLASS = YES_ERROR;
				CLANG_WARN__DUPLICATE_METHOD_MATCH = YES;
				"CODE_SIGN_IDENTITY[sdk=iphoneos*]" = "iPhone Developer";
				COPY_PHASE_STRIP = YES;
				ENABLE_NS_ASSERTIONS = NO;
				GCC_C_LANGUAGE_STANDARD = gnu99;
				GCC_WARN_64_TO_32_BIT_CONVERSION = YES;
				GCC_WARN_ABOUT_RETURN_TYPE = YES_ERROR;
				GCC_WARN_UNDECLARED_SELECTOR = YES;
				GCC_WARN_UNINITIALIZED_AUTOS = YES_AGGRESSIVE;
				GCC_WARN_UNUSED_FUNCTION = YES;
				GCC_WARN_UNUSED_VARIABLE = YES;
				IPHONEOS_DEPLOYMENT_TARGET = 7.1;
				SDKROOT = iphoneos;
				VALIDATE_PRODUCT = YES;
			};
			name = Release;
		};
		6B0D8ECA192E282D00620BBE /* Debug */ = {
			isa = XCBuildConfiguration;
			buildSettings = {
				ASSETCATALOG_COMPILER_APPICON_NAME = AppIcon;
				ASSETCATALOG_COMPILER_LAUNCHIMAGE_NAME = LaunchImage;
				GCC_PRECOMPILE_PREFIX_HEADER = YES;
				GCC_PREFIX_HEADER = "StaticTables/StaticTables-Prefix.pch";
				INFOPLIST_FILE = "StaticTables/StaticTables-Info.plist";
				PRODUCT_NAME = "$(TARGET_NAME)";
				WRAPPER_EXTENSION = app;
			};
			name = Debug;
		};
		6B0D8ECB192E282D00620BBE /* Release */ = {
			isa = XCBuildConfiguration;
			buildSettings = {
				ASSETCATALOG_COMPILER_APPICON_NAME = AppIcon;
				ASSETCATALOG_COMPILER_LAUNCHIMAGE_NAME = LaunchImage;
				GCC_PRECOMPILE_PREFIX_HEADER = YES;
				GCC_PREFIX_HEADER = "StaticTables/StaticTables-Prefix.pch";
				INFOPLIST_FILE = "StaticTables/StaticTables-Info.plist";
				PRODUCT_NAME = "$(TARGET_NAME)";
				WRAPPER_EXTENSION = app;
			};
			name = Release;
		};
		6B0D8ECD192E282D00620BBE /* Debug */ = {
			isa = XCBuildConfiguration;
			buildSettings = {
				BUNDLE_LOADER = "$(BUILT_PRODUCTS_DIR)/StaticTables.app/StaticTables";
				FRAMEWORK_SEARCH_PATHS = (
					"$(SDKROOT)/Developer/Library/Frameworks",
					"$(inherited)",
					"$(DEVELOPER_FRAMEWORKS_DIR)",
				);
				GCC_PRECOMPILE_PREFIX_HEADER = YES;
				GCC_PREFIX_HEADER = "StaticTables/StaticTables-Prefix.pch";
				GCC_PREPROCESSOR_DEFINITIONS = (
					"DEBUG=1",
					"$(inherited)",
				);
				INFOPLIST_FILE = "StaticTablesTests/StaticTablesTests-Info.plist";
				PRODUCT_NAME = "$(TARGET_NAME)";
				TEST_HOST = "$(BUNDLE_LOADER)";
				WRAPPER_EXTENSION = xctest;
			};
			name = Debug;
		};
		6B0D8ECE192E282D00620BBE /* Release */ = {
			isa = XCBuildConfiguration;
			buildSettings = {
				BUNDLE_LOADER = "$(BUILT_PRODUCTS_DIR)/StaticTables.app/StaticTables";
				FRAMEWORK_SEARCH_PATHS = (
					"$(SDKROOT)/Developer/Library/Frameworks",
					"$(inherited)",
					"$(DEVELOPER_FRAMEWORKS_DIR)",
				);
				GCC_PRECOMPILE_PREFIX_HEADER = YES;
				GCC_PREFIX_HEADER = "StaticTables/StaticTables-Prefix.pch";
				INFOPLIST_FILE = "StaticTablesTests/StaticTablesTests-Info.plist";
				PRODUCT_NAME = "$(TARGET_NAME)";
				TEST_HOST = "$(BUNDLE_LOADER)";
				WRAPPER_EXTENSION = xctest;
			};
			name = Release;
		};
/* End XCBuildConfiguration section */

/* Begin XCConfigurationList section */
		6B0D8E8F192E282D00620BBE /* Build configuration list for PBXProject "StaticTables" */ = {
			isa = XCConfigurationList;
			buildConfigurations = (
				6B0D8EC7192E282D00620BBE /* Debug */,
				6B0D8EC8192E282D00620BBE /* Release */,
			);
			defaultConfigurationIsVisible = 0;
			defaultConfigurationName = Release;
		};
		6B0D8EC9192E282D00620BBE /* Build configuration list for PBXNativeTarget "StaticTables" */ = {
			isa = XCConfigurationList;
			buildConfigurations = (
				6B0D8ECA192E282D00620BBE /* Debug */,
				6B0D8ECB192E282D00620BBE /* Release */,
			);
			defaultConfigurationIsVisible = 0;
		};
		6B0D8ECC192E282D00620BBE /* Build configuration list for PBXNativeTarget "StaticTablesTests" */ = {
			isa = XCConfigurationList;
			buildConfigurations = (
				6B0D8ECD192E282D00620BBE /* Debug */,
				6B0D8ECE192E282D00620BBE /* Release */,
			);
			defaultConfigurationIsVisible = 0;
		};
/* End XCConfigurationList section */
	};
	rootObject = 6B0D8E8C192E282D00620BBE /* Project object */;
}
